// !$*UTF8*$!
{
	archiveVersion = 1;
	classes = {
	};
	objectVersion = 56;
	objects = {

/* Begin PBXBuildFile section */
		7209FFBA2B93DFED00E75FA2 /* FirstView.swift in Sources */ = {isa = PBXBuildFile; fileRef = 7209FFB92B93DFED00E75FA2 /* FirstView.swift */; };
		72238FE12B95B1AD006D0B5E /* PrivacyInfo.xcprivacy in Resources */ = {isa = PBXBuildFile; fileRef = 7214723C2B9579C70063268B /* PrivacyInfo.xcprivacy */; };
		728DDE152B8169AD00CA98DA /* Assets.xcassets in Resources */ = {isa = PBXBuildFile; fileRef = 728DDE142B8169AD00CA98DA /* Assets.xcassets */; };
		72999F1C2B9069C300019082 /* TitleBarButtons.swift in Sources */ = {isa = PBXBuildFile; fileRef = 72999F1B2B9069C300019082 /* TitleBarButtons.swift */; };
		72B0B7372B826DB300B1F68B /* BrowserContainerView.swift in Sources */ = {isa = PBXBuildFile; fileRef = 72B0B7362B826DB300B1F68B /* BrowserContainerView.swift */; };
		72B0B7392B82746D00B1F68B /* DashboardView.swift in Sources */ = {isa = PBXBuildFile; fileRef = 72B0B7382B82746D00B1F68B /* DashboardView.swift */; };
		72BF16B82B8179F20032B334 /* BrowserView.swift in Sources */ = {isa = PBXBuildFile; fileRef = 72BF16B72B8179F20032B334 /* BrowserView.swift */; };
		72BF16BC2B817A6F0032B334 /* ContentView.swift in Sources */ = {isa = PBXBuildFile; fileRef = 72BF16BB2B817A6F0032B334 /* ContentView.swift */; };
		72BF16BE2B817B0B0032B334 /* iCodeApp.swift in Sources */ = {isa = PBXBuildFile; fileRef = 72BF16BD2B817B0B0032B334 /* iCodeApp.swift */; };
		72BF16C12B817B8E0032B334 /* WebKit.framework in Frameworks */ = {isa = PBXBuildFile; fileRef = 72BF16C02B817B8E0032B334 /* WebKit.framework */; };
		72BF16C82B81C4A30032B334 /* Snippet.swift in Sources */ = {isa = PBXBuildFile; fileRef = 72BF16C72B81C4A30032B334 /* Snippet.swift */; };
		72BF16CA2B81C4C10032B334 /* SnippetViewModel.swift in Sources */ = {isa = PBXBuildFile; fileRef = 72BF16C92B81C4C10032B334 /* SnippetViewModel.swift */; };
		72BF16CC2B81C4D50032B334 /* SnippetView.swift in Sources */ = {isa = PBXBuildFile; fileRef = 72BF16CB2B81C4D50032B334 /* SnippetView.swift */; };
		72DB80182B94E2B40075CA26 /* WebDataCleaner.swift in Sources */ = {isa = PBXBuildFile; fileRef = 72DB80172B94E2B40075CA26 /* WebDataCleaner.swift */; };
		72F0B2472B82030200D1A976 /* PreferencesView.swift in Sources */ = {isa = PBXBuildFile; fileRef = 72F0B2462B82030200D1A976 /* PreferencesView.swift */; };
		72F0B2492B820C6800D1A976 /* FloatingController.swift in Sources */ = {isa = PBXBuildFile; fileRef = 72F0B2482B820C6800D1A976 /* FloatingController.swift */; };
/* End PBXBuildFile section */

/* Begin PBXFileReference section */
		7209FFB92B93DFED00E75FA2 /* FirstView.swift */ = {isa = PBXFileReference; lastKnownFileType = sourcecode.swift; path = FirstView.swift; sourceTree = "<group>"; };
		7214723C2B9579C70063268B /* PrivacyInfo.xcprivacy */ = {isa = PBXFileReference; lastKnownFileType = text.xml; path = PrivacyInfo.xcprivacy; sourceTree = "<group>"; };
		728DDE0B2B8169AC00CA98DA /* iCode.app */ = {isa = PBXFileReference; explicitFileType = wrapper.application; includeInIndex = 0; path = iCode.app; sourceTree = BUILT_PRODUCTS_DIR; };
		728DDE142B8169AD00CA98DA /* Assets.xcassets */ = {isa = PBXFileReference; lastKnownFileType = folder.assetcatalog; path = Assets.xcassets; sourceTree = "<group>"; };
		728DDE162B8169AD00CA98DA /* iCode.entitlements */ = {isa = PBXFileReference; lastKnownFileType = text.plist.entitlements; name = iCode.entitlements; path = iCode/iCode.entitlements; sourceTree = SOURCE_ROOT; };
		72999F1B2B9069C300019082 /* TitleBarButtons.swift */ = {isa = PBXFileReference; lastKnownFileType = sourcecode.swift; path = TitleBarButtons.swift; sourceTree = "<group>"; };
		72B0B7362B826DB300B1F68B /* BrowserContainerView.swift */ = {isa = PBXFileReference; lastKnownFileType = sourcecode.swift; path = BrowserContainerView.swift; sourceTree = "<group>"; };
		72B0B7382B82746D00B1F68B /* DashboardView.swift */ = {isa = PBXFileReference; lastKnownFileType = sourcecode.swift; path = DashboardView.swift; sourceTree = "<group>"; };
		72B2D5FA2B84603700ACFDE3 /* Info.plist */ = {isa = PBXFileReference; lastKnownFileType = text.plist; path = Info.plist; sourceTree = "<group>"; };
		72BF16B72B8179F20032B334 /* BrowserView.swift */ = {isa = PBXFileReference; lastKnownFileType = sourcecode.swift; path = BrowserView.swift; sourceTree = "<group>"; };
		72BF16BB2B817A6F0032B334 /* ContentView.swift */ = {isa = PBXFileReference; lastKnownFileType = sourcecode.swift; path = ContentView.swift; sourceTree = "<group>"; };
		72BF16BD2B817B0B0032B334 /* iCodeApp.swift */ = {isa = PBXFileReference; lastKnownFileType = sourcecode.swift; path = iCodeApp.swift; sourceTree = "<group>"; };
		72BF16C02B817B8E0032B334 /* WebKit.framework */ = {isa = PBXFileReference; lastKnownFileType = wrapper.framework; name = WebKit.framework; path = Platforms/iPhoneOS.platform/Developer/SDKs/iPhoneOS17.2.sdk/System/Library/Frameworks/WebKit.framework; sourceTree = DEVELOPER_DIR; };
		72BF16C72B81C4A30032B334 /* Snippet.swift */ = {isa = PBXFileReference; lastKnownFileType = sourcecode.swift; path = Snippet.swift; sourceTree = "<group>"; };
		72BF16C92B81C4C10032B334 /* SnippetViewModel.swift */ = {isa = PBXFileReference; lastKnownFileType = sourcecode.swift; path = SnippetViewModel.swift; sourceTree = "<group>"; };
		72BF16CB2B81C4D50032B334 /* SnippetView.swift */ = {isa = PBXFileReference; lastKnownFileType = sourcecode.swift; path = SnippetView.swift; sourceTree = "<group>"; };
		72DB80172B94E2B40075CA26 /* WebDataCleaner.swift */ = {isa = PBXFileReference; lastKnownFileType = sourcecode.swift; path = WebDataCleaner.swift; sourceTree = "<group>"; };
		72F0B2462B82030200D1A976 /* PreferencesView.swift */ = {isa = PBXFileReference; lastKnownFileType = sourcecode.swift; path = PreferencesView.swift; sourceTree = "<group>"; };
		72F0B2482B820C6800D1A976 /* FloatingController.swift */ = {isa = PBXFileReference; lastKnownFileType = sourcecode.swift; path = FloatingController.swift; sourceTree = "<group>"; };
/* End PBXFileReference section */

/* Begin PBXFrameworksBuildPhase section */
		728DDE082B8169AC00CA98DA /* Frameworks */ = {
			isa = PBXFrameworksBuildPhase;
			buildActionMask = 2147483647;
			files = (
				72BF16C12B817B8E0032B334 /* WebKit.framework in Frameworks */,
			);
			runOnlyForDeploymentPostprocessing = 0;
		};
/* End PBXFrameworksBuildPhase section */

/* Begin PBXGroup section */
		72238FE22B95B3B4006D0B5E /* Privacy */ = {
			isa = PBXGroup;
			children = (
				72238FE32B95B3C6006D0B5E /* PrivacyInfo */,
			);
			path = Privacy;
			sourceTree = "<group>";
		};
		72238FE32B95B3C6006D0B5E /* PrivacyInfo */ = {
			isa = PBXGroup;
			children = (
				7214723C2B9579C70063268B /* PrivacyInfo.xcprivacy */,
			);
			path = PrivacyInfo;
			sourceTree = "<group>";
		};
		728DDE022B8169AC00CA98DA = {
			isa = PBXGroup;
			children = (
				72238FE22B95B3B4006D0B5E /* Privacy */,
				728DDE0D2B8169AC00CA98DA /* iCode */,
				728DDE0C2B8169AC00CA98DA /* Products */,
				72BF16BF2B817B8E0032B334 /* Frameworks */,
			);
			sourceTree = "<group>";
		};
		728DDE0C2B8169AC00CA98DA /* Products */ = {
			isa = PBXGroup;
			children = (
				728DDE0B2B8169AC00CA98DA /* iCode.app */,
			);
			name = Products;
			sourceTree = "<group>";
		};
		728DDE0D2B8169AC00CA98DA /* iCode */ = {
			isa = PBXGroup;
			children = (
				72BF16BB2B817A6F0032B334 /* ContentView.swift */,
				7209FFB92B93DFED00E75FA2 /* FirstView.swift */,
				72F0B2482B820C6800D1A976 /* FloatingController.swift */,
				72B0B7382B82746D00B1F68B /* DashboardView.swift */,
				72DB80172B94E2B40075CA26 /* WebDataCleaner.swift */,
				72999F1B2B9069C300019082 /* TitleBarButtons.swift */,
				72BF16C72B81C4A30032B334 /* Snippet.swift */,
				72BF16C92B81C4C10032B334 /* SnippetViewModel.swift */,
				72BF16CB2B81C4D50032B334 /* SnippetView.swift */,
				72F0B2462B82030200D1A976 /* PreferencesView.swift */,
				72BF16BD2B817B0B0032B334 /* iCodeApp.swift */,
				72B2D5FA2B84603700ACFDE3 /* Info.plist */,
				728DDE142B8169AD00CA98DA /* Assets.xcassets */,
				728DDE162B8169AD00CA98DA /* iCode.entitlements */,
				72BF16B72B8179F20032B334 /* BrowserView.swift */,
				72B0B7362B826DB300B1F68B /* BrowserContainerView.swift */,
			);
			path = iCode;
			sourceTree = SOURCE_ROOT;
		};
		72BF16BF2B817B8E0032B334 /* Frameworks */ = {
			isa = PBXGroup;
			children = (
				72BF16C02B817B8E0032B334 /* WebKit.framework */,
			);
			name = Frameworks;
			sourceTree = "<group>";
		};
/* End PBXGroup section */

/* Begin PBXNativeTarget section */
		728DDE0A2B8169AC00CA98DA /* iCode */ = {
			isa = PBXNativeTarget;
			buildConfigurationList = 728DDE1C2B8169AD00CA98DA /* Build configuration list for PBXNativeTarget "iCode" */;
			buildPhases = (
				728DDE072B8169AC00CA98DA /* Sources */,
				728DDE082B8169AC00CA98DA /* Frameworks */,
				728DDE092B8169AC00CA98DA /* Resources */,
			);
			buildRules = (
			);
			dependencies = (
			);
			name = iCode;
			productName = iCode;
			productReference = 728DDE0B2B8169AC00CA98DA /* iCode.app */;
			productType = "com.apple.product-type.application";
		};
/* End PBXNativeTarget section */

/* Begin PBXProject section */
		728DDE032B8169AC00CA98DA /* Project object */ = {
			isa = PBXProject;
			attributes = {
				BuildIndependentTargetsInParallel = 1;
				LastSwiftUpdateCheck = 1520;
				LastUpgradeCheck = 1520;
				TargetAttributes = {
					728DDE0A2B8169AC00CA98DA = {
						CreatedOnToolsVersion = 15.2;
					};
				};
			};
			buildConfigurationList = 728DDE062B8169AC00CA98DA /* Build configuration list for PBXProject "iCode" */;
			compatibilityVersion = "Xcode 14.0";
			developmentRegion = en;
			hasScannedForEncodings = 0;
			knownRegions = (
				en,
				Base,
			);
			mainGroup = 728DDE022B8169AC00CA98DA;
			productRefGroup = 728DDE0C2B8169AC00CA98DA /* Products */;
			projectDirPath = "";
			projectRoot = "";
			targets = (
				728DDE0A2B8169AC00CA98DA /* iCode */,
			);
		};
/* End PBXProject section */

/* Begin PBXResourcesBuildPhase section */
		728DDE092B8169AC00CA98DA /* Resources */ = {
			isa = PBXResourcesBuildPhase;
			buildActionMask = 2147483647;
			files = (
				72238FE12B95B1AD006D0B5E /* PrivacyInfo.xcprivacy in Resources */,
				728DDE152B8169AD00CA98DA /* Assets.xcassets in Resources */,
			);
			runOnlyForDeploymentPostprocessing = 0;
		};
/* End PBXResourcesBuildPhase section */

/* Begin PBXSourcesBuildPhase section */
		728DDE072B8169AC00CA98DA /* Sources */ = {
			isa = PBXSourcesBuildPhase;
			buildActionMask = 2147483647;
			files = (
				72BF16BE2B817B0B0032B334 /* iCodeApp.swift in Sources */,
				72B0B7392B82746D00B1F68B /* DashboardView.swift in Sources */,
				7209FFBA2B93DFED00E75FA2 /* FirstView.swift in Sources */,
				72BF16B82B8179F20032B334 /* BrowserView.swift in Sources */,
				72B0B7372B826DB300B1F68B /* BrowserContainerView.swift in Sources */,
				72F0B2492B820C6800D1A976 /* FloatingController.swift in Sources */,
				72BF16BC2B817A6F0032B334 /* ContentView.swift in Sources */,
				72BF16C82B81C4A30032B334 /* Snippet.swift in Sources */,
				72BF16CC2B81C4D50032B334 /* SnippetView.swift in Sources */,
				72BF16CA2B81C4C10032B334 /* SnippetViewModel.swift in Sources */,
				72DB80182B94E2B40075CA26 /* WebDataCleaner.swift in Sources */,
				72999F1C2B9069C300019082 /* TitleBarButtons.swift in Sources */,
				72F0B2472B82030200D1A976 /* PreferencesView.swift in Sources */,
			);
			runOnlyForDeploymentPostprocessing = 0;
		};
/* End PBXSourcesBuildPhase section */

/* Begin XCBuildConfiguration section */
		728DDE1A2B8169AD00CA98DA /* Debug */ = {
			isa = XCBuildConfiguration;
			buildSettings = {
				ALWAYS_SEARCH_USER_PATHS = NO;
				ASSETCATALOG_COMPILER_GENERATE_SWIFT_ASSET_SYMBOL_EXTENSIONS = YES;
				CLANG_ANALYZER_NONNULL = YES;
				CLANG_ANALYZER_NUMBER_OBJECT_CONVERSION = YES_AGGRESSIVE;
				CLANG_CXX_LANGUAGE_STANDARD = "gnu++20";
				CLANG_ENABLE_MODULES = YES;
				CLANG_ENABLE_OBJC_ARC = YES;
				CLANG_ENABLE_OBJC_WEAK = YES;
				CLANG_WARN_BLOCK_CAPTURE_AUTORELEASING = YES;
				CLANG_WARN_BOOL_CONVERSION = YES;
				CLANG_WARN_COMMA = YES;
				CLANG_WARN_CONSTANT_CONVERSION = YES;
				CLANG_WARN_DEPRECATED_OBJC_IMPLEMENTATIONS = YES;
				CLANG_WARN_DIRECT_OBJC_ISA_USAGE = YES_ERROR;
				CLANG_WARN_DOCUMENTATION_COMMENTS = YES;
				CLANG_WARN_EMPTY_BODY = YES;
				CLANG_WARN_ENUM_CONVERSION = YES;
				CLANG_WARN_INFINITE_RECURSION = YES;
				CLANG_WARN_INT_CONVERSION = YES;
				CLANG_WARN_NON_LITERAL_NULL_CONVERSION = YES;
				CLANG_WARN_OBJC_IMPLICIT_RETAIN_SELF = YES;
				CLANG_WARN_OBJC_LITERAL_CONVERSION = YES;
				CLANG_WARN_OBJC_ROOT_CLASS = YES_ERROR;
				CLANG_WARN_QUOTED_INCLUDE_IN_FRAMEWORK_HEADER = YES;
				CLANG_WARN_RANGE_LOOP_ANALYSIS = YES;
				CLANG_WARN_STRICT_PROTOTYPES = YES;
				CLANG_WARN_SUSPICIOUS_MOVE = YES;
				CLANG_WARN_UNGUARDED_AVAILABILITY = YES_AGGRESSIVE;
				CLANG_WARN_UNREACHABLE_CODE = YES;
				CLANG_WARN__DUPLICATE_METHOD_MATCH = YES;
				COPY_PHASE_STRIP = YES;
				DEBUG_INFORMATION_FORMAT = dwarf;
				ENABLE_STRICT_OBJC_MSGSEND = YES;
				ENABLE_TESTABILITY = YES;
				ENABLE_USER_SCRIPT_SANDBOXING = YES;
				GCC_C_LANGUAGE_STANDARD = gnu17;
				GCC_DYNAMIC_NO_PIC = NO;
				GCC_NO_COMMON_BLOCKS = YES;
				GCC_OPTIMIZATION_LEVEL = 0;
				GCC_PREPROCESSOR_DEFINITIONS = (
					"DEBUG=1",
					"$(inherited)",
				);
				GCC_WARN_64_TO_32_BIT_CONVERSION = YES;
				GCC_WARN_ABOUT_RETURN_TYPE = YES_ERROR;
				GCC_WARN_UNDECLARED_SELECTOR = YES;
				GCC_WARN_UNINITIALIZED_AUTOS = YES_AGGRESSIVE;
				GCC_WARN_UNUSED_FUNCTION = YES;
				GCC_WARN_UNUSED_VARIABLE = YES;
				LOCALIZATION_PREFERS_STRING_CATALOGS = YES;
				MACOSX_DEPLOYMENT_TARGET = 13.5;
				MTL_ENABLE_DEBUG_INFO = INCLUDE_SOURCE;
				MTL_FAST_MATH = YES;
				ONLY_ACTIVE_ARCH = YES;
				SWIFT_ACTIVE_COMPILATION_CONDITIONS = "DEBUG $(inherited)";
				SWIFT_OPTIMIZATION_LEVEL = "-Onone";
			};
			name = Debug;
		};
		728DDE1B2B8169AD00CA98DA /* Release */ = {
			isa = XCBuildConfiguration;
			buildSettings = {
				ALWAYS_SEARCH_USER_PATHS = NO;
				ASSETCATALOG_COMPILER_GENERATE_SWIFT_ASSET_SYMBOL_EXTENSIONS = YES;
				CLANG_ANALYZER_NONNULL = YES;
				CLANG_ANALYZER_NUMBER_OBJECT_CONVERSION = YES_AGGRESSIVE;
				CLANG_CXX_LANGUAGE_STANDARD = "gnu++20";
				CLANG_ENABLE_MODULES = YES;
				CLANG_ENABLE_OBJC_ARC = YES;
				CLANG_ENABLE_OBJC_WEAK = YES;
				CLANG_WARN_BLOCK_CAPTURE_AUTORELEASING = YES;
				CLANG_WARN_BOOL_CONVERSION = YES;
				CLANG_WARN_COMMA = YES;
				CLANG_WARN_CONSTANT_CONVERSION = YES;
				CLANG_WARN_DEPRECATED_OBJC_IMPLEMENTATIONS = YES;
				CLANG_WARN_DIRECT_OBJC_ISA_USAGE = YES_ERROR;
				CLANG_WARN_DOCUMENTATION_COMMENTS = YES;
				CLANG_WARN_EMPTY_BODY = YES;
				CLANG_WARN_ENUM_CONVERSION = YES;
				CLANG_WARN_INFINITE_RECURSION = YES;
				CLANG_WARN_INT_CONVERSION = YES;
				CLANG_WARN_NON_LITERAL_NULL_CONVERSION = YES;
				CLANG_WARN_OBJC_IMPLICIT_RETAIN_SELF = YES;
				CLANG_WARN_OBJC_LITERAL_CONVERSION = YES;
				CLANG_WARN_OBJC_ROOT_CLASS = YES_ERROR;
				CLANG_WARN_QUOTED_INCLUDE_IN_FRAMEWORK_HEADER = YES;
				CLANG_WARN_RANGE_LOOP_ANALYSIS = YES;
				CLANG_WARN_STRICT_PROTOTYPES = YES;
				CLANG_WARN_SUSPICIOUS_MOVE = YES;
				CLANG_WARN_UNGUARDED_AVAILABILITY = YES_AGGRESSIVE;
				CLANG_WARN_UNREACHABLE_CODE = YES;
				CLANG_WARN__DUPLICATE_METHOD_MATCH = YES;
				COPY_PHASE_STRIP = YES;
				DEBUG_INFORMATION_FORMAT = "dwarf-with-dsym";
				ENABLE_NS_ASSERTIONS = NO;
				ENABLE_STRICT_OBJC_MSGSEND = YES;
				ENABLE_USER_SCRIPT_SANDBOXING = YES;
				GCC_C_LANGUAGE_STANDARD = gnu17;
				GCC_NO_COMMON_BLOCKS = YES;
				GCC_WARN_64_TO_32_BIT_CONVERSION = YES;
				GCC_WARN_ABOUT_RETURN_TYPE = YES_ERROR;
				GCC_WARN_UNDECLARED_SELECTOR = YES;
				GCC_WARN_UNINITIALIZED_AUTOS = YES_AGGRESSIVE;
				GCC_WARN_UNUSED_FUNCTION = YES;
				GCC_WARN_UNUSED_VARIABLE = YES;
				LOCALIZATION_PREFERS_STRING_CATALOGS = YES;
				MACOSX_DEPLOYMENT_TARGET = 13.5;
				MTL_ENABLE_DEBUG_INFO = NO;
				MTL_FAST_MATH = YES;
				SWIFT_COMPILATION_MODE = wholemodule;
			};
			name = Release;
		};
		728DDE1D2B8169AD00CA98DA /* Debug */ = {
			isa = XCBuildConfiguration;
			buildSettings = {
				ASSETCATALOG_COMPILER_APPICON_NAME = AppIcon;
				ASSETCATALOG_COMPILER_GLOBAL_ACCENT_COLOR_NAME = AccentColor;
				CODE_SIGN_ENTITLEMENTS = iCode/iCode.entitlements;
				CODE_SIGN_STYLE = Automatic;
				CURRENT_PROJECT_VERSION = 2;
				DEVELOPMENT_TEAM = 46WUYUUA8V;
				ENABLE_HARDENED_RUNTIME = YES;
				ENABLE_PREVIEWS = YES;
				GENERATE_INFOPLIST_FILE = YES;
				INFOPLIST_FILE = iCode/Info.plist;
				INFOPLIST_KEY_CFBundleDisplayName = "iCode iCoder";
				INFOPLIST_KEY_LSApplicationCategoryType = "public.app-category.developer-tools";
				INFOPLIST_KEY_NSHumanReadableCopyright = "2024 © Quet Almahdi Morris";
				"INFOPLIST_KEY_UIApplicationSceneManifest_Generation[sdk=iphoneos*]" = YES;
				"INFOPLIST_KEY_UIApplicationSceneManifest_Generation[sdk=iphonesimulator*]" = YES;
				"INFOPLIST_KEY_UIApplicationSupportsIndirectInputEvents[sdk=iphoneos*]" = YES;
				"INFOPLIST_KEY_UIApplicationSupportsIndirectInputEvents[sdk=iphonesimulator*]" = YES;
				"INFOPLIST_KEY_UILaunchScreen_Generation[sdk=iphoneos*]" = YES;
				"INFOPLIST_KEY_UILaunchScreen_Generation[sdk=iphonesimulator*]" = YES;
				"INFOPLIST_KEY_UIStatusBarStyle[sdk=iphoneos*]" = UIStatusBarStyleDefault;
				"INFOPLIST_KEY_UIStatusBarStyle[sdk=iphonesimulator*]" = UIStatusBarStyleDefault;
				IPHONEOS_DEPLOYMENT_TARGET = 17.2;
				LD_RUNPATH_SEARCH_PATHS = "@executable_path/Frameworks";
				"LD_RUNPATH_SEARCH_PATHS[sdk=macosx*]" = "@executable_path/../Frameworks";
				MACOSX_DEPLOYMENT_TARGET = 14.0;
				MARKETING_VERSION = 1.1;
				PRODUCT_BUNDLE_IDENTIFIER = com.oil3.iCode;
				PRODUCT_NAME = "$(TARGET_NAME)";
				SDKROOT = auto;
				SUPPORTED_PLATFORMS = macosx;
				SUPPORTS_MACCATALYST = NO;
				SUPPORTS_MAC_DESIGNED_FOR_IPHONE_IPAD = NO;
				SWIFT_EMIT_LOC_STRINGS = YES;
				SWIFT_VERSION = 5.0;
			};
			name = Debug;
		};
		728DDE1E2B8169AD00CA98DA /* Release */ = {
			isa = XCBuildConfiguration;
			buildSettings = {
				ASSETCATALOG_COMPILER_APPICON_NAME = AppIcon;
				ASSETCATALOG_COMPILER_GLOBAL_ACCENT_COLOR_NAME = AccentColor;
				CODE_SIGN_ENTITLEMENTS = iCode/iCode.entitlements;
				CODE_SIGN_STYLE = Automatic;
				CURRENT_PROJECT_VERSION = 2;
				DEVELOPMENT_TEAM = 46WUYUUA8V;
				ENABLE_HARDENED_RUNTIME = YES;
				ENABLE_PREVIEWS = YES;
				GENERATE_INFOPLIST_FILE = YES;
				INFOPLIST_FILE = iCode/Info.plist;
				INFOPLIST_KEY_CFBundleDisplayName = "iCode iCoder";
				INFOPLIST_KEY_LSApplicationCategoryType = "public.app-category.developer-tools";
				INFOPLIST_KEY_NSHumanReadableCopyright = "2024 © Quet Almahdi Morris";
				"INFOPLIST_KEY_UIApplicationSceneManifest_Generation[sdk=iphoneos*]" = YES;
				"INFOPLIST_KEY_UIApplicationSceneManifest_Generation[sdk=iphonesimulator*]" = YES;
				"INFOPLIST_KEY_UIApplicationSupportsIndirectInputEvents[sdk=iphoneos*]" = YES;
				"INFOPLIST_KEY_UIApplicationSupportsIndirectInputEvents[sdk=iphonesimulator*]" = YES;
				"INFOPLIST_KEY_UILaunchScreen_Generation[sdk=iphoneos*]" = YES;
				"INFOPLIST_KEY_UILaunchScreen_Generation[sdk=iphonesimulator*]" = YES;
				"INFOPLIST_KEY_UIStatusBarStyle[sdk=iphoneos*]" = UIStatusBarStyleDefault;
				"INFOPLIST_KEY_UIStatusBarStyle[sdk=iphonesimulator*]" = UIStatusBarStyleDefault;
				IPHONEOS_DEPLOYMENT_TARGET = 17.2;
				LD_RUNPATH_SEARCH_PATHS = "@executable_path/Frameworks";
				"LD_RUNPATH_SEARCH_PATHS[sdk=macosx*]" = "@executable_path/../Frameworks";
				MACOSX_DEPLOYMENT_TARGET = 14.0;
				MARKETING_VERSION = 1.1;
				PRODUCT_BUNDLE_IDENTIFIER = com.oil3.iCode;
				PRODUCT_NAME = "$(TARGET_NAME)";
				SDKROOT = auto;
				SUPPORTED_PLATFORMS = macosx;
				SUPPORTS_MACCATALYST = NO;
				SUPPORTS_MAC_DESIGNED_FOR_IPHONE_IPAD = NO;
				SWIFT_EMIT_LOC_STRINGS = YES;
				SWIFT_VERSION = 5.0;
			};
			name = Release;
		};
/* End XCBuildConfiguration section */

/* Begin XCConfigurationList section */
		728DDE062B8169AC00CA98DA /* Build configuration list for PBXProject "iCode" */ = {
			isa = XCConfigurationList;
			buildConfigurations = (
				728DDE1A2B8169AD00CA98DA /* Debug */,
				728DDE1B2B8169AD00CA98DA /* Release */,
			);
			defaultConfigurationIsVisible = 0;
			defaultConfigurationName = Release;
		};
		728DDE1C2B8169AD00CA98DA /* Build configuration list for PBXNativeTarget "iCode" */ = {
			isa = XCConfigurationList;
			buildConfigurations = (
				728DDE1D2B8169AD00CA98DA /* Debug */,
				728DDE1E2B8169AD00CA98DA /* Release */,
			);
			defaultConfigurationIsVisible = 0;
			defaultConfigurationName = Release;
		};
/* End XCConfigurationList section */
	};
	rootObject = 728DDE032B8169AC00CA98DA /* Project object */;
}
